// !$*UTF8*$!
{
	archiveVersion = 1;
	classes = {
	};
	objectVersion = 45;
	objects = {

/* Begin PBXBuildFile section */
		540723DB0E3DD25B00B598A2 /* MainWindow.xib in Resources */ = {isa = PBXBuildFile; fileRef = 28AD733E0D9D9553002E5188 /* MainWindow.xib */; };
		540723DC0E3DD25B00B598A2 /* lena.jpg in Resources */ = {isa = PBXBuildFile; fileRef = 5452E0090E3D08AA00FE4518 /* lena.jpg */; };
		540723DE0E3DD25B00B598A2 /* main.m in Sources */ = {isa = PBXBuildFile; fileRef = 29B97316FDCFA39411CA2CEA /* main.m */; };
		540723DF0E3DD25B00B598A2 /* AnonymousAppDelegate.m in Sources */ = {isa = PBXBuildFile; fileRef = 1D3623250D0F684500981E51 /* AnonymousAppDelegate.m */; };
		540723E00E3DD25B00B598A2 /* AnonymousViewController.m in Sources */ = {isa = PBXBuildFile; fileRef = 28D7ACF70DDB3853001CB0EB /* AnonymousViewController.m */; };
		540723E20E3DD25B00B598A2 /* Foundation.framework in Frameworks */ = {isa = PBXBuildFile; fileRef = 1D30AB110D05D00D00671497 /* Foundation.framework */; };
		540723E30E3DD25B00B598A2 /* UIKit.framework in Frameworks */ = {isa = PBXBuildFile; fileRef = 1DF5F4DF0D08C38300B7A737 /* UIKit.framework */; settings = {ATTRIBUTES = (Weak, ); }; };
		540723E40E3DD25B00B598A2 /* CoreGraphics.framework in Frameworks */ = {isa = PBXBuildFile; fileRef = 5452E0730E3D119700FE4518 /* CoreGraphics.framework */; };
		540ABCF60E3E280700E30885 /* Icon.png in Resources */ = {isa = PBXBuildFile; fileRef = 540ABCF50E3E280700E30885 /* Icon.png */; };
		549913C70E3E3D2100BD1311 /* Default.png in Resources */ = {isa = PBXBuildFile; fileRef = 549913C60E3E3D2100BD1311 /* Default.png */; };
		54A4A00312211BFD006678AF /* libcv.a in Frameworks */ = {isa = PBXBuildFile; fileRef = 54A4A00212211BFD006678AF /* libcv.a */; };
		54A4A00512211C0D006678AF /* libcxcore.a in Frameworks */ = {isa = PBXBuildFile; fileRef = 54A4A00412211C0D006678AF /* libcxcore.a */; };
		54BBAF3D0F04148D00568ED9 /* Tink.aiff in Resources */ = {isa = PBXBuildFile; fileRef = 54BBAF3C0F04148D00568ED9 /* Tink.aiff */; };
		54BBAF4F0F0414C200568ED9 /* AudioToolbox.framework in Frameworks */ = {isa = PBXBuildFile; fileRef = 54BBAF4E0F0414C200568ED9 /* AudioToolbox.framework */; };
		54ED862C123C4A8B00ED9656 /* Accelerate.framework in Frameworks */ = {isa = PBXBuildFile; fileRef = 54ED862B123C4A8B00ED9656 /* Accelerate.framework */; };
		54FC5BDE0E3EB3EB00F48645 /* laughing_man.png in Resources */ = {isa = PBXBuildFile; fileRef = 54FC5BDD0E3EB3EB00F48645 /* laughing_man.png */; };
		6E11C80412BDE84F00D71A6F /* CoreMedia.framework in Frameworks */ = {isa = PBXBuildFile; fileRef = 6E11C80312BDE84F00D71A6F /* CoreMedia.framework */; };
		6E11C80612BDE84F00D71A6F /* CoreVideo.framework in Frameworks */ = {isa = PBXBuildFile; fileRef = 6E11C80512BDE84F00D71A6F /* CoreVideo.framework */; };
		6E11C80812BDE85C00D71A6F /* AVFoundation.framework in Frameworks */ = {isa = PBXBuildFile; fileRef = 6E11C80712BDE85C00D71A6F /* AVFoundation.framework */; };
		6E11C85812BDE8E100D71A6F /* AnonymousOverlayView.m in Sources */ = {isa = PBXBuildFile; fileRef = 6E11C85712BDE8E100D71A6F /* AnonymousOverlayView.m */; };
		6E58911F12BF9F120030818A /* haarcascade_frontalface_alt.xml in Resources */ = {isa = PBXBuildFile; fileRef = 6E58911E12BF9F120030818A /* haarcascade_frontalface_alt.xml */; };
		6E58947012C325F20030818A /* UIView+SaveToImage.m in Sources */ = {isa = PBXBuildFile; fileRef = 6E58946F12C325F20030818A /* UIView+SaveToImage.m */; };
		6E5894C612C365550030818A /* Grab.aif in Resources */ = {isa = PBXBuildFile; fileRef = 6E5894C512C365550030818A /* Grab.aif */; };
		6E58950912C37D410030818A /* CameraButton_Down.png in Resources */ = {isa = PBXBuildFile; fileRef = 6E58950312C37D410030818A /* CameraButton_Down.png */; };
		6E58950A12C37D410030818A /* CameraButton_Down@2x.png in Resources */ = {isa = PBXBuildFile; fileRef = 6E58950412C37D410030818A /* CameraButton_Down@2x.png */; };
		6E58950B12C37D410030818A /* CameraButton.png in Resources */ = {isa = PBXBuildFile; fileRef = 6E58950512C37D410030818A /* CameraButton.png */; };
		6E58950C12C37D410030818A /* CameraButton@2x.png in Resources */ = {isa = PBXBuildFile; fileRef = 6E58950612C37D410030818A /* CameraButton@2x.png */; };
		6E58950D12C37D410030818A /* Toolbar.png in Resources */ = {isa = PBXBuildFile; fileRef = 6E58950712C37D410030818A /* Toolbar.png */; };
		6E58950E12C37D410030818A /* Toolbar@2x.png in Resources */ = {isa = PBXBuildFile; fileRef = 6E58950812C37D410030818A /* Toolbar@2x.png */; };
		6E58956E12C48F180030818A /* QuartzCore.framework in Frameworks */ = {isa = PBXBuildFile; fileRef = 6E58956D12C48F180030818A /* QuartzCore.framework */; };
		6E58959012C492060030818A /* CameraButton_Disabled.png in Resources */ = {isa = PBXBuildFile; fileRef = 6E58958E12C492060030818A /* CameraButton_Disabled.png */; };
		6E58959112C492060030818A /* CameraButton_Disabled@2x.png in Resources */ = {isa = PBXBuildFile; fileRef = 6E58958F12C492060030818A /* CameraButton_Disabled@2x.png */; };
/* End PBXBuildFile section */

/* Begin PBXFileReference section */
		1D30AB110D05D00D00671497 /* Foundation.framework */ = {isa = PBXFileReference; lastKnownFileType = wrapper.framework; name = Foundation.framework; path = System/Library/Frameworks/Foundation.framework; sourceTree = SDKROOT; };
		1D3623240D0F684500981E51 /* AnonymousAppDelegate.h */ = {isa = PBXFileReference; fileEncoding = 4; lastKnownFileType = sourcecode.c.h; path = AnonymousAppDelegate.h; sourceTree = "<group>"; };
		1D3623250D0F684500981E51 /* AnonymousAppDelegate.m */ = {isa = PBXFileReference; fileEncoding = 4; lastKnownFileType = sourcecode.c.objc; path = AnonymousAppDelegate.m; sourceTree = "<group>"; };
		1DF5F4DF0D08C38300B7A737 /* UIKit.framework */ = {isa = PBXFileReference; lastKnownFileType = wrapper.framework; name = UIKit.framework; path = System/Library/Frameworks/UIKit.framework; sourceTree = SDKROOT; };
		28AD733E0D9D9553002E5188 /* MainWindow.xib */ = {isa = PBXFileReference; lastKnownFileType = file.xib; path = MainWindow.xib; sourceTree = "<group>"; };
		28D7ACF60DDB3853001CB0EB /* AnonymousViewController.h */ = {isa = PBXFileReference; fileEncoding = 4; lastKnownFileType = sourcecode.c.h; path = AnonymousViewController.h; sourceTree = "<group>"; };
		28D7ACF70DDB3853001CB0EB /* AnonymousViewController.m */ = {isa = PBXFileReference; fileEncoding = 4; lastKnownFileType = sourcecode.c.objc; path = AnonymousViewController.m; sourceTree = "<group>"; };
		29B97316FDCFA39411CA2CEA /* main.m */ = {isa = PBXFileReference; fileEncoding = 4; lastKnownFileType = sourcecode.c.objc; path = main.m; sourceTree = "<group>"; };
		32CA4F630368D1EE00C91783 /* Anonymous_Prefix.pch */ = {isa = PBXFileReference; fileEncoding = 4; lastKnownFileType = sourcecode.c.h; path = Anonymous_Prefix.pch; sourceTree = "<group>"; };
		540723ED0E3DD25B00B598A2 /* Anonymous.app */ = {isa = PBXFileReference; explicitFileType = wrapper.application; includeInIndex = 0; path = Anonymous.app; sourceTree = BUILT_PRODUCTS_DIR; };
		540ABCF50E3E280700E30885 /* Icon.png */ = {isa = PBXFileReference; lastKnownFileType = image.png; path = Icon.png; sourceTree = "<group>"; };
		5452E0090E3D08AA00FE4518 /* lena.jpg */ = {isa = PBXFileReference; lastKnownFileType = image.jpeg; path = lena.jpg; sourceTree = "<group>"; };
		5452E0730E3D119700FE4518 /* CoreGraphics.framework */ = {isa = PBXFileReference; lastKnownFileType = wrapper.framework; name = CoreGraphics.framework; path = System/Library/Frameworks/CoreGraphics.framework; sourceTree = SDKROOT; };
		549913C60E3E3D2100BD1311 /* Default.png */ = {isa = PBXFileReference; lastKnownFileType = image.png; path = Default.png; sourceTree = "<group>"; };
		54A4A00212211BFD006678AF /* libcv.a */ = {isa = PBXFileReference; lastKnownFileType = archive.ar; name = libcv.a; path = opencv_device/lib/libcv.a; sourceTree = "<group>"; };
		54A4A00412211C0D006678AF /* libcxcore.a */ = {isa = PBXFileReference; lastKnownFileType = archive.ar; name = libcxcore.a; path = opencv_device/lib/libcxcore.a; sourceTree = "<group>"; };
		54BBAF3C0F04148D00568ED9 /* Tink.aiff */ = {isa = PBXFileReference; lastKnownFileType = audio.aiff; path = Tink.aiff; sourceTree = "<group>"; };
		54BBAF4E0F0414C200568ED9 /* AudioToolbox.framework */ = {isa = PBXFileReference; lastKnownFileType = wrapper.framework; name = AudioToolbox.framework; path = System/Library/Frameworks/AudioToolbox.framework; sourceTree = SDKROOT; };
		54ED862B123C4A8B00ED9656 /* Accelerate.framework */ = {isa = PBXFileReference; lastKnownFileType = wrapper.framework; name = Accelerate.framework; path = System/Library/Frameworks/Accelerate.framework; sourceTree = SDKROOT; };
		54FC5BDD0E3EB3EB00F48645 /* laughing_man.png */ = {isa = PBXFileReference; lastKnownFileType = image.png; path = laughing_man.png; sourceTree = "<group>"; };
		6E11C80312BDE84F00D71A6F /* CoreMedia.framework */ = {isa = PBXFileReference; lastKnownFileType = wrapper.framework; name = CoreMedia.framework; path = System/Library/Frameworks/CoreMedia.framework; sourceTree = SDKROOT; };
		6E11C80512BDE84F00D71A6F /* CoreVideo.framework */ = {isa = PBXFileReference; lastKnownFileType = wrapper.framework; name = CoreVideo.framework; path = System/Library/Frameworks/CoreVideo.framework; sourceTree = SDKROOT; };
		6E11C80712BDE85C00D71A6F /* AVFoundation.framework */ = {isa = PBXFileReference; lastKnownFileType = wrapper.framework; name = AVFoundation.framework; path = System/Library/Frameworks/AVFoundation.framework; sourceTree = SDKROOT; };
		6E11C85612BDE8E100D71A6F /* AnonymousOverlayView.h */ = {isa = PBXFileReference; fileEncoding = 4; lastKnownFileType = sourcecode.c.h; path = AnonymousOverlayView.h; sourceTree = "<group>"; };
		6E11C85712BDE8E100D71A6F /* AnonymousOverlayView.m */ = {isa = PBXFileReference; fileEncoding = 4; lastKnownFileType = sourcecode.c.objc; path = AnonymousOverlayView.m; sourceTree = "<group>"; };
		6E58911E12BF9F120030818A /* haarcascade_frontalface_alt.xml */ = {isa = PBXFileReference; fileEncoding = 4; lastKnownFileType = text.xml; name = haarcascade_frontalface_alt.xml; path = opencv_device/share/opencv/haarcascades/haarcascade_frontalface_alt.xml; sourceTree = "<group>"; };
		6E58946E12C325F20030818A /* UIView+SaveToImage.h */ = {isa = PBXFileReference; fileEncoding = 4; lastKnownFileType = sourcecode.c.h; path = "UIView+SaveToImage.h"; sourceTree = "<group>"; };
		6E58946F12C325F20030818A /* UIView+SaveToImage.m */ = {isa = PBXFileReference; fileEncoding = 4; lastKnownFileType = sourcecode.c.objc; path = "UIView+SaveToImage.m"; sourceTree = "<group>"; };
		6E5894C512C365550030818A /* Grab.aif */ = {isa = PBXFileReference; lastKnownFileType = file; path = Grab.aif; sourceTree = "<group>"; };
		6E58950312C37D410030818A /* CameraButton_Down.png */ = {isa = PBXFileReference; lastKnownFileType = image.png; path = CameraButton_Down.png; sourceTree = "<group>"; };
		6E58950412C37D410030818A /* CameraButton_Down@2x.png */ = {isa = PBXFileReference; lastKnownFileType = image.png; path = "CameraButton_Down@2x.png"; sourceTree = "<group>"; };
		6E58950512C37D410030818A /* CameraButton.png */ = {isa = PBXFileReference; lastKnownFileType = image.png; path = CameraButton.png; sourceTree = "<group>"; };
		6E58950612C37D410030818A /* CameraButton@2x.png */ = {isa = PBXFileReference; lastKnownFileType = image.png; path = "CameraButton@2x.png"; sourceTree = "<group>"; };
		6E58950712C37D410030818A /* Toolbar.png */ = {isa = PBXFileReference; lastKnownFileType = image.png; path = Toolbar.png; sourceTree = "<group>"; };
		6E58950812C37D410030818A /* Toolbar@2x.png */ = {isa = PBXFileReference; lastKnownFileType = image.png; path = "Toolbar@2x.png"; sourceTree = "<group>"; };
		6E58956D12C48F180030818A /* QuartzCore.framework */ = {isa = PBXFileReference; lastKnownFileType = wrapper.framework; name = QuartzCore.framework; path = System/Library/Frameworks/QuartzCore.framework; sourceTree = SDKROOT; };
		6E58958E12C492060030818A /* CameraButton_Disabled.png */ = {isa = PBXFileReference; lastKnownFileType = image.png; path = CameraButton_Disabled.png; sourceTree = "<group>"; };
		6E58958F12C492060030818A /* CameraButton_Disabled@2x.png */ = {isa = PBXFileReference; lastKnownFileType = image.png; path = "CameraButton_Disabled@2x.png"; sourceTree = "<group>"; };
		8D1107310486CEB800E47090 /* Info.plist */ = {isa = PBXFileReference; fileEncoding = 4; lastKnownFileType = text.plist.xml; path = Info.plist; sourceTree = "<group>"; };
/* End PBXFileReference section */

/* Begin PBXFrameworksBuildPhase section */
		540723E10E3DD25B00B598A2 /* Frameworks */ = {
			isa = PBXFrameworksBuildPhase;
			buildActionMask = 2147483647;
			files = (
				540723E20E3DD25B00B598A2 /* Foundation.framework in Frameworks */,
				540723E30E3DD25B00B598A2 /* UIKit.framework in Frameworks */,
				540723E40E3DD25B00B598A2 /* CoreGraphics.framework in Frameworks */,
				54BBAF4F0F0414C200568ED9 /* AudioToolbox.framework in Frameworks */,
				54A4A00312211BFD006678AF /* libcv.a in Frameworks */,
				54A4A00512211C0D006678AF /* libcxcore.a in Frameworks */,
				54ED862C123C4A8B00ED9656 /* Accelerate.framework in Frameworks */,
				6E11C80412BDE84F00D71A6F /* CoreMedia.framework in Frameworks */,
				6E11C80612BDE84F00D71A6F /* CoreVideo.framework in Frameworks */,
				6E11C80812BDE85C00D71A6F /* AVFoundation.framework in Frameworks */,
				6E58956E12C48F180030818A /* QuartzCore.framework in Frameworks */,
			);
			runOnlyForDeploymentPostprocessing = 0;
		};
/* End PBXFrameworksBuildPhase section */

/* Begin PBXGroup section */
		080E96DDFE201D6D7F000001 /* Classes */ = {
			isa = PBXGroup;
			children = (
				6E58946E12C325F20030818A /* UIView+SaveToImage.h */,
				6E58946F12C325F20030818A /* UIView+SaveToImage.m */,
				6E11C85612BDE8E100D71A6F /* AnonymousOverlayView.h */,
				6E11C85712BDE8E100D71A6F /* AnonymousOverlayView.m */,
				1D3623240D0F684500981E51 /* AnonymousAppDelegate.h */,
				1D3623250D0F684500981E51 /* AnonymousAppDelegate.m */,
				28D7ACF60DDB3853001CB0EB /* AnonymousViewController.h */,
				28D7ACF70DDB3853001CB0EB /* AnonymousViewController.m */,
			);
			path = Classes;
			sourceTree = "<group>";
		};
		19C28FACFE9D520D11CA2CBB /* Products */ = {
			isa = PBXGroup;
			children = (
				540723ED0E3DD25B00B598A2 /* Anonymous.app */,
			);
			name = Products;
			sourceTree = "<group>";
		};
		29B97314FDCFA39411CA2CEA /* CustomTemplate */ = {
			isa = PBXGroup;
			children = (
				6E58950112C37D2D0030818A /* Images */,
				080E96DDFE201D6D7F000001 /* Classes */,
				29B97315FDCFA39411CA2CEA /* Other Sources */,
				29B97317FDCFA39411CA2CEA /* Resources */,
				540723F00E3DD28C00B598A2 /* Libraries */,
				29B97323FDCFA39411CA2CEA /* Frameworks */,
				19C28FACFE9D520D11CA2CBB /* Products */,
			);
			name = CustomTemplate;
			sourceTree = "<group>";
		};
		29B97315FDCFA39411CA2CEA /* Other Sources */ = {
			isa = PBXGroup;
			children = (
				32CA4F630368D1EE00C91783 /* Anonymous_Prefix.pch */,
				29B97316FDCFA39411CA2CEA /* main.m */,
			);
			name = "Other Sources";
			sourceTree = "<group>";
		};
		29B97317FDCFA39411CA2CEA /* Resources */ = {
			isa = PBXGroup;
			children = (
				6E5894C512C365550030818A /* Grab.aif */,
				6E58911E12BF9F120030818A /* haarcascade_frontalface_alt.xml */,
				54BBAF3C0F04148D00568ED9 /* Tink.aiff */,
				54FC5BDD0E3EB3EB00F48645 /* laughing_man.png */,
				540ABCF50E3E280700E30885 /* Icon.png */,
				5452E0090E3D08AA00FE4518 /* lena.jpg */,
				28AD733E0D9D9553002E5188 /* MainWindow.xib */,
				8D1107310486CEB800E47090 /* Info.plist */,
				549913C60E3E3D2100BD1311 /* Default.png */,
			);
			name = Resources;
			sourceTree = "<group>";
		};
		29B97323FDCFA39411CA2CEA /* Frameworks */ = {
			isa = PBXGroup;
			children = (
				6E58956D12C48F180030818A /* QuartzCore.framework */,
				6E11C80312BDE84F00D71A6F /* CoreMedia.framework */,
				6E11C80512BDE84F00D71A6F /* CoreVideo.framework */,
				6E11C80712BDE85C00D71A6F /* AVFoundation.framework */,
				54BBAF4E0F0414C200568ED9 /* AudioToolbox.framework */,
				5452E0730E3D119700FE4518 /* CoreGraphics.framework */,
				1DF5F4DF0D08C38300B7A737 /* UIKit.framework */,
				1D30AB110D05D00D00671497 /* Foundation.framework */,
				54ED862B123C4A8B00ED9656 /* Accelerate.framework */,
			);
			name = Frameworks;
			sourceTree = "<group>";
		};
		540723F00E3DD28C00B598A2 /* Libraries */ = {
			isa = PBXGroup;
			children = (
				54A4A00212211BFD006678AF /* libcv.a */,
				54A4A00412211C0D006678AF /* libcxcore.a */,
			);
			name = Libraries;
			sourceTree = "<group>";
		};
		6E58950112C37D2D0030818A /* Images */ = {
			isa = PBXGroup;
			children = (
				6E58958E12C492060030818A /* CameraButton_Disabled.png */,
				6E58958F12C492060030818A /* CameraButton_Disabled@2x.png */,
				6E58950312C37D410030818A /* CameraButton_Down.png */,
				6E58950412C37D410030818A /* CameraButton_Down@2x.png */,
				6E58950512C37D410030818A /* CameraButton.png */,
				6E58950612C37D410030818A /* CameraButton@2x.png */,
				6E58950712C37D410030818A /* Toolbar.png */,
				6E58950812C37D410030818A /* Toolbar@2x.png */,
			);
			name = Images;
			sourceTree = "<group>";
		};
/* End PBXGroup section */

/* Begin PBXNativeTarget section */
		540723D90E3DD25B00B598A2 /* Anonymous */ = {
			isa = PBXNativeTarget;
			buildConfigurationList = 540723EA0E3DD25B00B598A2 /* Build configuration list for PBXNativeTarget "Anonymous" */;
			buildPhases = (
				540723DA0E3DD25B00B598A2 /* Resources */,
				540723DD0E3DD25B00B598A2 /* Sources */,
				540723E10E3DD25B00B598A2 /* Frameworks */,
			);
			buildRules = (
			);
			dependencies = (
			);
			name = Anonymous;
			productName = OpenCVTest;
			productReference = 540723ED0E3DD25B00B598A2 /* Anonymous.app */;
			productType = "com.apple.product-type.application";
		};
/* End PBXNativeTarget section */

/* Begin PBXProject section */
		29B97313FDCFA39411CA2CEA /* Project object */ = {
			isa = PBXProject;
			buildConfigurationList = C01FCF4E08A954540054247B /* Build configuration list for PBXProject "Anonymous" */;
			compatibilityVersion = "Xcode 3.1";
			developmentRegion = English;
			hasScannedForEncodings = 1;
			knownRegions = (
				English,
				Japanese,
				French,
				German,
			);
			mainGroup = 29B97314FDCFA39411CA2CEA /* CustomTemplate */;
			projectDirPath = "";
			projectRoot = "";
			targets = (
				540723D90E3DD25B00B598A2 /* Anonymous */,
			);
		};
/* End PBXProject section */

/* Begin PBXResourcesBuildPhase section */
		540723DA0E3DD25B00B598A2 /* Resources */ = {
			isa = PBXResourcesBuildPhase;
			buildActionMask = 2147483647;
			files = (
				540723DB0E3DD25B00B598A2 /* MainWindow.xib in Resources */,
				540723DC0E3DD25B00B598A2 /* lena.jpg in Resources */,
				540ABCF60E3E280700E30885 /* Icon.png in Resources */,
				549913C70E3E3D2100BD1311 /* Default.png in Resources */,
				54FC5BDE0E3EB3EB00F48645 /* laughing_man.png in Resources */,
				54BBAF3D0F04148D00568ED9 /* Tink.aiff in Resources */,
				6E58911F12BF9F120030818A /* haarcascade_frontalface_alt.xml in Resources */,
				6E5894C612C365550030818A /* Grab.aif in Resources */,
				6E58950912C37D410030818A /* CameraButton_Down.png in Resources */,
				6E58950A12C37D410030818A /* CameraButton_Down@2x.png in Resources */,
				6E58950B12C37D410030818A /* CameraButton.png in Resources */,
				6E58950C12C37D410030818A /* CameraButton@2x.png in Resources */,
				6E58950D12C37D410030818A /* Toolbar.png in Resources */,
				6E58950E12C37D410030818A /* Toolbar@2x.png in Resources */,
				6E58959012C492060030818A /* CameraButton_Disabled.png in Resources */,
				6E58959112C492060030818A /* CameraButton_Disabled@2x.png in Resources */,
			);
			runOnlyForDeploymentPostprocessing = 0;
		};
/* End PBXResourcesBuildPhase section */

/* Begin PBXSourcesBuildPhase section */
		540723DD0E3DD25B00B598A2 /* Sources */ = {
			isa = PBXSourcesBuildPhase;
			buildActionMask = 2147483647;
			files = (
				540723DE0E3DD25B00B598A2 /* main.m in Sources */,
				540723DF0E3DD25B00B598A2 /* AnonymousAppDelegate.m in Sources */,
				540723E00E3DD25B00B598A2 /* AnonymousViewController.m in Sources */,
				6E11C85812BDE8E100D71A6F /* AnonymousOverlayView.m in Sources */,
				6E58947012C325F20030818A /* UIView+SaveToImage.m in Sources */,
			);
			runOnlyForDeploymentPostprocessing = 0;
		};
/* End PBXSourcesBuildPhase section */

/* Begin XCBuildConfiguration section */
		540723EB0E3DD25B00B598A2 /* Debug */ = {
			isa = XCBuildConfiguration;
			buildSettings = {
				ALWAYS_SEARCH_USER_PATHS = NO;
				COPY_PHASE_STRIP = NO;
				GCC_DYNAMIC_NO_PIC = NO;
				GCC_OPTIMIZATION_LEVEL = 0;
				GCC_PRECOMPILE_PREFIX_HEADER = YES;
				GCC_PREFIX_HEADER = Anonymous_Prefix.pch;
				"HEADER_SEARCH_PATHS[sdk=iphoneos*][arch=*]" = "$(SRCROOT)/opencv_device/include";
				"HEADER_SEARCH_PATHS[sdk=iphonesimulator*][arch=*]" = "$(SRCROOT)/opencv_simulator/include";
				INFOPLIST_FILE = Info.plist;
				LIBRARY_SEARCH_PATHS = (
					"$(inherited)",
					"\"$(SRCROOT)/opencv_device/lib\"",
				);
				"LIBRARY_SEARCH_PATHS[sdk=iphoneos*][arch=*]" = "$(SRCROOT)/opencv_device/lib";
				"LIBRARY_SEARCH_PATHS[sdk=iphonesimulator*][arch=*]" = "$(SRCROOT)/opencv_simulator/lib";
				OTHER_LDFLAGS = (
					"-lstdc++",
					"-lz",
				);
				PRODUCT_NAME = Anonymous;
			};
			name = Debug;
		};
		540723EC0E3DD25B00B598A2 /* Release */ = {
			isa = XCBuildConfiguration;
			buildSettings = {
				ALWAYS_SEARCH_USER_PATHS = NO;
				COPY_PHASE_STRIP = YES;
				GCC_PRECOMPILE_PREFIX_HEADER = YES;
				GCC_PREFIX_HEADER = Anonymous_Prefix.pch;
				"HEADER_SEARCH_PATHS[sdk=iphoneos*][arch=*]" = "$(SRCROOT)/opencv_device/include";
				"HEADER_SEARCH_PATHS[sdk=iphonesimulator*][arch=*]" = "$(SRCROOT)/opencv_simulator/include";
				INFOPLIST_FILE = Info.plist;
				LIBRARY_SEARCH_PATHS = (
					"$(inherited)",
					"\"$(SRCROOT)/opencv_device/lib\"",
				);
				"LIBRARY_SEARCH_PATHS[sdk=iphoneos*][arch=*]" = "$(SRCROOT)/opencv_device/lib";
				"LIBRARY_SEARCH_PATHS[sdk=iphonesimulator*][arch=*]" = "$(SRCROOT)/opencv_simulator/lib";
				OTHER_LDFLAGS = (
					"-lstdc++",
					"-lz",
				);
				PRODUCT_NAME = Anonymous;
			};
			name = Release;
		};
		C01FCF4F08A954540054247B /* Debug */ = {
			isa = XCBuildConfiguration;
			buildSettings = {
				ARCHS = "$(ARCHS_STANDARD_32_BIT)";
				"CODE_SIGN_IDENTITY[sdk=iphoneos*]" = "iPhone Developer";
				GCC_C_LANGUAGE_STANDARD = c99;
				GCC_WARN_ABOUT_RETURN_TYPE = YES;
				GCC_WARN_UNUSED_VARIABLE = YES;
				IPHONEOS_DEPLOYMENT_TARGET = 3.0;
				ONLY_ACTIVE_ARCH = YES;
				PREBINDING = NO;
				PRODUCT_NAME = Anonymous;
				SDKROOT = iphoneos;
			};
			name = Debug;
		};
		C01FCF5008A954540054247B /* Release */ = {
			isa = XCBuildConfiguration;
			buildSettings = {
				ARCHS = "$(ARCHS_STANDARD_32_BIT)";
				"CODE_SIGN_IDENTITY[sdk=iphoneos*]" = "iPhone Developer";
				GCC_C_LANGUAGE_STANDARD = c99;
				GCC_WARN_ABOUT_RETURN_TYPE = YES;
				GCC_WARN_UNUSED_VARIABLE = YES;
				IPHONEOS_DEPLOYMENT_TARGET = 3.0;
				PREBINDING = NO;
				SDKROOT = iphoneos4.1;
			};
			name = Release;
		};
/* End XCBuildConfiguration section */

/* Begin XCConfigurationList section */
		540723EA0E3DD25B00B598A2 /* Build configuration list for PBXNativeTarget "Anonymous" */ = {
			isa = XCConfigurationList;
			buildConfigurations = (
				540723EB0E3DD25B00B598A2 /* Debug */,
				540723EC0E3DD25B00B598A2 /* Release */,
			);
			defaultConfigurationIsVisible = 0;
			defaultConfigurationName = Release;
		};
		C01FCF4E08A954540054247B /* Build configuration list for PBXProject "Anonymous" */ = {
			isa = XCConfigurationList;
			buildConfigurations = (
				C01FCF4F08A954540054247B /* Debug */,
				C01FCF5008A954540054247B /* Release */,
			);
			defaultConfigurationIsVisible = 0;
			defaultConfigurationName = Release;
		};
/* End XCConfigurationList section */
	};
	rootObject = 29B97313FDCFA39411CA2CEA /* Project object */;
}
